
Microsoft Visual Studio Solution File, Format Version 12.00
# Visual Studio Version 16
VisualStudioVersion = 16.0.30907.101
MinimumVisualStudioVersion = 10.0.40219.1
Project("{FAE04EC0-301F-11D3-BF4B-00C04F79EFBC}") = "Ejercicio 2", "Ejercicio 2\Ejercicio 2.csproj", "{B121DE2E-404A-47D9-A88C-A9ABD13B4FD7}"
EndProject
Global
	GlobalSection(SolutionConfigurationPlatforms) = preSolution
		Debug|Any CPU = Debug|Any CPU
		Release|Any CPU = Release|Any CPU
	EndGlobalSection
	GlobalSection(ProjectConfigurationPlatforms) = postSolution
		{B121DE2E-404A-47D9-A88C-A9ABD13B4FD7}.Debug|Any CPU.ActiveCfg = Debug|Any CPU
		{B121DE2E-404A-47D9-A88C-A9ABD13B4FD7}.Debug|Any CPU.Build.0 = Debug|Any CPU
		{B121DE2E-404A-47D9-A88C-A9ABD13B4FD7}.Release|Any CPU.ActiveCfg = Release|Any CPU
		{B121DE2E-404A-47D9-A88C-A9ABD13B4FD7}.Release|Any CPU.Build.0 = Release|Any CPU
	EndGlobalSection
	GlobalSection(SolutionProperties) = preSolution
		HideSolutionNode = FALSE
	EndGlobalSection
	GlobalSection(ExtensibilityGlobals) = postSolution
		SolutionGuid = {14A48C11-80D0-4E0E-A599-74D94B0DD6AE}
	EndGlobalSection
EndGlobal
